// !$*UTF8*$!
{
	archiveVersion = 1;
	classes = {
	};
	objectVersion = 50;
	objects = {

/* Begin PBXBuildFile section */
		C94408C42228EB1200D2C3B0 /* AppDelegate.swift in Sources */ = {isa = PBXBuildFile; fileRef = C94408C32228EB1200D2C3B0 /* AppDelegate.swift */; };
		C94408C62228EB1200D2C3B0 /* ViewController.swift in Sources */ = {isa = PBXBuildFile; fileRef = C94408C52228EB1200D2C3B0 /* ViewController.swift */; };
		C94408C92228EB1200D2C3B0 /* Main.storyboard in Resources */ = {isa = PBXBuildFile; fileRef = C94408C72228EB1200D2C3B0 /* Main.storyboard */; };
		C94408CC2228EB1200D2C3B0 /* JSONTableView.xcdatamodeld in Sources */ = {isa = PBXBuildFile; fileRef = C94408CA2228EB1200D2C3B0 /* JSONTableView.xcdatamodeld */; };
		C94408CE2228EB1200D2C3B0 /* Assets.xcassets in Resources */ = {isa = PBXBuildFile; fileRef = C94408CD2228EB1200D2C3B0 /* Assets.xcassets */; };
		C94408D12228EB1200D2C3B0 /* LaunchScreen.storyboard in Resources */ = {isa = PBXBuildFile; fileRef = C94408CF2228EB1200D2C3B0 /* LaunchScreen.storyboard */; };
/* End PBXBuildFile section */

/* Begin PBXFileReference section */
		C94408C02228EB1200D2C3B0 /* JSONTableView.app */ = {isa = PBXFileReference; explicitFileType = wrapper.application; includeInIndex = 0; path = JSONTableView.app; sourceTree = BUILT_PRODUCTS_DIR; };
		C94408C32228EB1200D2C3B0 /* AppDelegate.swift */ = {isa = PBXFileReference; lastKnownFileType = sourcecode.swift; path = AppDelegate.swift; sourceTree = "<group>"; };
		C94408C52228EB1200D2C3B0 /* ViewController.swift */ = {isa = PBXFileReference; lastKnownFileType = sourcecode.swift; path = ViewController.swift; sourceTree = "<group>"; };
		C94408C82228EB1200D2C3B0 /* Base */ = {isa = PBXFileReference; lastKnownFileType = file.storyboard; name = Base; path = Base.lproj/Main.storyboard; sourceTree = "<group>"; };
		C94408CB2228EB1200D2C3B0 /* JSONTableView.xcdatamodel */ = {isa = PBXFileReference; lastKnownFileType = wrapper.xcdatamodel; path = JSONTableView.xcdatamodel; sourceTree = "<group>"; };
		C94408CD2228EB1200D2C3B0 /* Assets.xcassets */ = {isa = PBXFileReference; lastKnownFileType = folder.assetcatalog; path = Assets.xcassets; sourceTree = "<group>"; };
		C94408D02228EB1200D2C3B0 /* Base */ = {isa = PBXFileReference; lastKnownFileType = file.storyboard; name = Base; path = Base.lproj/LaunchScreen.storyboard; sourceTree = "<group>"; };
		C94408D22228EB1200D2C3B0 /* Info.plist */ = {isa = PBXFileReference; lastKnownFileType = text.plist.xml; path = Info.plist; sourceTree = "<group>"; };
/* End PBXFileReference section */

/* Begin PBXFrameworksBuildPhase section */
		C94408BD2228EB1200D2C3B0 /* Frameworks */ = {
			isa = PBXFrameworksBuildPhase;
			buildActionMask = 2147483647;
			files = (
			);
			runOnlyForDeploymentPostprocessing = 0;
		};
/* End PBXFrameworksBuildPhase section */

/* Begin PBXGroup section */
		C94408B72228EB1200D2C3B0 = {
			isa = PBXGroup;
			children = (
				C94408C22228EB1200D2C3B0 /* JSONTableView */,
				C94408C12228EB1200D2C3B0 /* Products */,
			);
			sourceTree = "<group>";
		};
		C94408C12228EB1200D2C3B0 /* Products */ = {
			isa = PBXGroup;
			children = (
				C94408C02228EB1200D2C3B0 /* JSONTableView.app */,
			);
			name = Products;
			sourceTree = "<group>";
		};
		C94408C22228EB1200D2C3B0 /* JSONTableView */ = {
			isa = PBXGroup;
			children = (
				C94408C32228EB1200D2C3B0 /* AppDelegate.swift */,
				C94408C52228EB1200D2C3B0 /* ViewController.swift */,
				C94408C72228EB1200D2C3B0 /* Main.storyboard */,
				C94408CD2228EB1200D2C3B0 /* Assets.xcassets */,
				C94408CF2228EB1200D2C3B0 /* LaunchScreen.storyboard */,
				C94408D22228EB1200D2C3B0 /* Info.plist */,
				C94408CA2228EB1200D2C3B0 /* JSONTableView.xcdatamodeld */,
			);
			path = JSONTableView;
			sourceTree = "<group>";
		};
/* End PBXGroup section */

/* Begin PBXNativeTarget section */
		C94408BF2228EB1200D2C3B0 /* JSONTableView */ = {
			isa = PBXNativeTarget;
			buildConfigurationList = C94408D52228EB1200D2C3B0 /* Build configuration list for PBXNativeTarget "JSONTableView" */;
			buildPhases = (
				C94408BC2228EB1200D2C3B0 /* Sources */,
				C94408BD2228EB1200D2C3B0 /* Frameworks */,
				C94408BE2228EB1200D2C3B0 /* Resources */,
			);
			buildRules = (
			);
			dependencies = (
			);
			name = JSONTableView;
			productName = JSONTableView;
			productReference = C94408C02228EB1200D2C3B0 /* JSONTableView.app */;
			productType = "com.apple.product-type.application";
		};
/* End PBXNativeTarget section */

/* Begin PBXProject section */
		C94408B82228EB1200D2C3B0 /* Project object */ = {
			isa = PBXProject;
			attributes = {
				LastSwiftUpdateCheck = 1010;
				LastUpgradeCheck = 1010;
				ORGANIZATIONNAME = "Brianne Trollo";
				TargetAttributes = {
					C94408BF2228EB1200D2C3B0 = {
						CreatedOnToolsVersion = 10.1;
					};
				};
			};
			buildConfigurationList = C94408BB2228EB1200D2C3B0 /* Build configuration list for PBXProject "JSONTableView" */;
			compatibilityVersion = "Xcode 9.3";
			developmentRegion = en;
			hasScannedForEncodings = 0;
			knownRegions = (
				en,
				Base,
			);
			mainGroup = C94408B72228EB1200D2C3B0;
			productRefGroup = C94408C12228EB1200D2C3B0 /* Products */;
			projectDirPath = "";
			projectRoot = "";
			targets = (
				C94408BF2228EB1200D2C3B0 /* JSONTableView */,
			);
		};
/* End PBXProject section */

/* Begin PBXResourcesBuildPhase section */
		C94408BE2228EB1200D2C3B0 /* Resources */ = {
			isa = PBXResourcesBuildPhase;
			buildActionMask = 2147483647;
			files = (
				C94408D12228EB1200D2C3B0 /* LaunchScreen.storyboard in Resources */,
				C94408CE2228EB1200D2C3B0 /* Assets.xcassets in Resources */,
				C94408C92228EB1200D2C3B0 /* Main.storyboard in Resources */,
			);
			runOnlyForDeploymentPostprocessing = 0;
		};
/* End PBXResourcesBuildPhase section */

/* Begin PBXSourcesBuildPhase section */
		C94408BC2228EB1200D2C3B0 /* Sources */ = {
			isa = PBXSourcesBuildPhase;
			buildActionMask = 2147483647;
			files = (
				C94408C62228EB1200D2C3B0 /* ViewController.swift in Sources */,
				C94408C42228EB1200D2C3B0 /* AppDelegate.swift in Sources */,
				C94408CC2228EB1200D2C3B0 /* JSONTableView.xcdatamodeld in Sources */,
			);
			runOnlyForDeploymentPostprocessing = 0;
		};
/* End PBXSourcesBuildPhase section */

/* Begin PBXVariantGroup section */
		C94408C72228EB1200D2C3B0 /* Main.storyboard */ = {
			isa = PBXVariantGroup;
			children = (
				C94408C82228EB1200D2C3B0 /* Base */,
			);
			name = Main.storyboard;
			sourceTree = "<group>";
		};
		C94408CF2228EB1200D2C3B0 /* LaunchScreen.storyboard */ = {
			isa = PBXVariantGroup;
			children = (
				C94408D02228EB1200D2C3B0 /* Base */,
			);
			name = LaunchScreen.storyboard;
			sourceTree = "<group>";
		};
/* End PBXVariantGroup section */

/* Begin XCBuildConfiguration section */
		C94408D32228EB1200D2C3B0 /* Debug */ = {
			isa = XCBuildConfiguration;
			buildSettings = {
				ALWAYS_SEARCH_USER_PATHS = NO;
				CLANG_ANALYZER_NONNULL = YES;
				CLANG_ANALYZER_NUMBER_OBJECT_CONVERSION = YES_AGGRESSIVE;
				CLANG_CXX_LANGUAGE_STANDARD = "gnu++14";
				CLANG_CXX_LIBRARY = "libc++";
				CLANG_ENABLE_MODULES = YES;
				CLANG_ENABLE_OBJC_ARC = YES;
				CLANG_ENABLE_OBJC_WEAK = YES;
				CLANG_WARN_BLOCK_CAPTURE_AUTORELEASING = YES;
				CLANG_WARN_BOOL_CONVERSION = YES;
				CLANG_WARN_COMMA = YES;
				CLANG_WARN_CONSTANT_CONVERSION = YES;
				CLANG_WARN_DEPRECATED_OBJC_IMPLEMENTATIONS = YES;
				CLANG_WARN_DIRECT_OBJC_ISA_USAGE = YES_ERROR;
				CLANG_WARN_DOCUMENTATION_COMMENTS = YES;
				CLANG_WARN_EMPTY_BODY = YES;
				CLANG_WARN_ENUM_CONVERSION = YES;
				CLANG_WARN_INFINITE_RECURSION = YES;
				CLANG_WARN_INT_CONVERSION = YES;
				CLANG_WARN_NON_LITERAL_NULL_CONVERSION = YES;
				CLANG_WARN_OBJC_IMPLICIT_RETAIN_SELF = YES;
				CLANG_WARN_OBJC_LITERAL_CONVERSION = YES;
				CLANG_WARN_OBJC_ROOT_CLASS = YES_ERROR;
				CLANG_WARN_RANGE_LOOP_ANALYSIS = YES;
				CLANG_WARN_STRICT_PROTOTYPES = YES;
				CLANG_WARN_SUSPICIOUS_MOVE = YES;
				CLANG_WARN_UNGUARDED_AVAILABILITY = YES_AGGRESSIVE;
				CLANG_WARN_UNREACHABLE_CODE = YES;
				CLANG_WARN__DUPLICATE_METHOD_MATCH = YES;
				CODE_SIGN_IDENTITY = "iPhone Developer";
				COPY_PHASE_STRIP = NO;
				DEBUG_INFORMATION_FORMAT = dwarf;
				ENABLE_STRICT_OBJC_MSGSEND = YES;
				ENABLE_TESTABILITY = YES;
				GCC_C_LANGUAGE_STANDARD = gnu11;
				GCC_DYNAMIC_NO_PIC = NO;
				GCC_NO_COMMON_BLOCKS = YES;
				GCC_OPTIMIZATION_LEVEL = 0;
				GCC_PREPROCESSOR_DEFINITIONS = (
					"DEBUG=1",
					"$(inherited)",
				);
				GCC_WARN_64_TO_32_BIT_CONVERSION = YES;
				GCC_WARN_ABOUT_RETURN_TYPE = YES_ERROR;
				GCC_WARN_UNDECLARED_SELECTOR = YES;
				GCC_WARN_UNINITIALIZED_AUTOS = YES_AGGRESSIVE;
				GCC_WARN_UNUSED_FUNCTION = YES;
				GCC_WARN_UNUSED_VARIABLE = YES;
				IPHONEOS_DEPLOYMENT_TARGET = 12.1;
				MTL_ENABLE_DEBUG_INFO = INCLUDE_SOURCE;
				MTL_FAST_MATH = YES;
				ONLY_ACTIVE_ARCH = YES;
				SDKROOT = iphoneos;
				SWIFT_ACTIVE_COMPILATION_CONDITIONS = DEBUG;
				SWIFT_OPTIMIZATION_LEVEL = "-Onone";
			};
			name = Debug;
		};
		C94408D42228EB1200D2C3B0 /* Release */ = {
			isa = XCBuildConfiguration;
			buildSettings = {
				ALWAYS_SEARCH_USER_PATHS = NO;
				CLANG_ANALYZER_NONNULL = YES;
				CLANG_ANALYZER_NUMBER_OBJECT_CONVERSION = YES_AGGRESSIVE;
				CLANG_CXX_LANGUAGE_STANDARD = "gnu++14";
				CLANG_CXX_LIBRARY = "libc++";
				CLANG_ENABLE_MODULES = YES;
				CLANG_ENABLE_OBJC_ARC = YES;
				CLANG_ENABLE_OBJC_WEAK = YES;
				CLANG_WARN_BLOCK_CAPTURE_AUTORELEASING = YES;
				CLANG_WARN_BOOL_CONVERSION = YES;
				CLANG_WARN_COMMA = YES;
				CLANG_WARN_CONSTANT_CONVERSION = YES;
				CLANG_WARN_DEPRECATED_OBJC_IMPLEMENTATIONS = YES;
				CLANG_WARN_DIRECT_OBJC_ISA_USAGE = YES_ERROR;
				CLANG_WARN_DOCUMENTATION_COMMENTS = YES;
				CLANG_WARN_EMPTY_BODY = YES;
				CLANG_WARN_ENUM_CONVERSION = YES;
				CLANG_WARN_INFINITE_RECURSION = YES;
				CLANG_WARN_INT_CONVERSION = YES;
				CLANG_WARN_NON_LITERAL_NULL_CONVERSION = YES;
				CLANG_WARN_OBJC_IMPLICIT_RETAIN_SELF = YES;
				CLANG_WARN_OBJC_LITERAL_CONVERSION = YES;
				CLANG_WARN_OBJC_ROOT_CLASS = YES_ERROR;
				CLANG_WARN_RANGE_LOOP_ANALYSIS = YES;
				CLANG_WARN_STRICT_PROTOTYPES = YES;
				CLANG_WARN_SUSPICIOUS_MOVE = YES;
				CLANG_WARN_UNGUARDED_AVAILABILITY = YES_AGGRESSIVE;
				CLANG_WARN_UNREACHABLE_CODE = YES;
				CLANG_WARN__DUPLICATE_METHOD_MATCH = YES;
				CODE_SIGN_IDENTITY = "iPhone Developer";
				COPY_PHASE_STRIP = NO;
				DEBUG_INFORMATION_FORMAT = "dwarf-with-dsym";
				ENABLE_NS_ASSERTIONS = NO;
				ENABLE_STRICT_OBJC_MSGSEND = YES;
				GCC_C_LANGUAGE_STANDARD = gnu11;
				GCC_NO_COMMON_BLOCKS = YES;
				GCC_WARN_64_TO_32_BIT_CONVERSION = YES;
				GCC_WARN_ABOUT_RETURN_TYPE = YES_ERROR;
				GCC_WARN_UNDECLARED_SELECTOR = YES;
				GCC_WARN_UNINITIALIZED_AUTOS = YES_AGGRESSIVE;
				GCC_WARN_UNUSED_FUNCTION = YES;
				GCC_WARN_UNUSED_VARIABLE = YES;
				IPHONEOS_DEPLOYMENT_TARGET = 12.1;
				MTL_ENABLE_DEBUG_INFO = NO;
				MTL_FAST_MATH = YES;
				SDKROOT = iphoneos;
				SWIFT_COMPILATION_MODE = wholemodule;
				SWIFT_OPTIMIZATION_LEVEL = "-O";
				VALIDATE_PRODUCT = YES;
			};
			name = Release;
		};
		C94408D62228EB1200D2C3B0 /* Debug */ = {
			isa = XCBuildConfiguration;
			buildSettings = {
				ASSETCATALOG_COMPILER_APPICON_NAME = AppIcon;
				CODE_SIGN_STYLE = Automatic;
				INFOPLIST_FILE = JSONTableView/Info.plist;
				LD_RUNPATH_SEARCH_PATHS = (
					"$(inherited)",
					"@executable_path/Frameworks",
				);
				PRODUCT_BUNDLE_IDENTIFIER = bt.JSONTableView;
				PRODUCT_NAME = "$(TARGET_NAME)";
				SWIFT_VERSION = 4.2;
				TARGETED_DEVICE_FAMILY = "1,2";
			};
			name = Debug;
		};
		C94408D72228EB1200D2C3B0 /* Release */ = {
			isa = XCBuildConfiguration;
			buildSettings = {
				ASSETCATALOG_COMPILER_APPICON_NAME = AppIcon;
				CODE_SIGN_STYLE = Automatic;
				INFOPLIST_FILE = JSONTableView/Info.plist;
				LD_RUNPATH_SEARCH_PATHS = (
					"$(inherited)",
					"@executable_path/Frameworks",
				);
				PRODUCT_BUNDLE_IDENTIFIER = bt.JSONTableView;
				PRODUCT_NAME = "$(TARGET_NAME)";
				SWIFT_VERSION = 4.2;
				TARGETED_DEVICE_FAMILY = "1,2";
			};
			name = Release;
		};
/* End XCBuildConfiguration section */

/* Begin XCConfigurationList section */
		C94408BB2228EB1200D2C3B0 /* Build configuration list for PBXProject "JSONTableView" */ = {
			isa = XCConfigurationList;
			buildConfigurations = (
				C94408D32228EB1200D2C3B0 /* Debug */,
				C94408D42228EB1200D2C3B0 /* Release */,
			);
			defaultConfigurationIsVisible = 0;
			defaultConfigurationName = Release;
		};
		C94408D52228EB1200D2C3B0 /* Build configuration list for PBXNativeTarget "JSONTableView" */ = {
			isa = XCConfigurationList;
			buildConfigurations = (
				C94408D62228EB1200D2C3B0 /* Debug */,
				C94408D72228EB1200D2C3B0 /* Release */,
			);
			defaultConfigurationIsVisible = 0;
			defaultConfigurationName = Release;
		};
/* End XCConfigurationList section */

/* Begin XCVersionGroup section */
		C94408CA2228EB1200D2C3B0 /* JSONTableView.xcdatamodeld */ = {
			isa = XCVersionGroup;
			children = (
				C94408CB2228EB1200D2C3B0 /* JSONTableView.xcdatamodel */,
			);
			currentVersion = C94408CB2228EB1200D2C3B0 /* JSONTableView.xcdatamodel */;
			path = JSONTableView.xcdatamodeld;
			sourceTree = "<group>";
			versionGroupType = wrapper.xcdatamodel;
		};
/* End XCVersionGroup section */
	};
	rootObject = C94408B82228EB1200D2C3B0 /* Project object */;
}
