// !$*UTF8*$!
{
	archiveVersion = 1;
	classes = {
	};
	objectVersion = 50;
	objects = {

/* Begin PBXBuildFile section */
		C93B84C2222B31C700921EEC /* AppDelegate.swift in Sources */ = {isa = PBXBuildFile; fileRef = C93B84C1222B31C700921EEC /* AppDelegate.swift */; };
		C93B84C4222B31C700921EEC /* ViewController.swift in Sources */ = {isa = PBXBuildFile; fileRef = C93B84C3222B31C700921EEC /* ViewController.swift */; };
		C93B84C7222B31C700921EEC /* Main.storyboard in Resources */ = {isa = PBXBuildFile; fileRef = C93B84C5222B31C700921EEC /* Main.storyboard */; };
		C93B84CA222B31C700921EEC /* Maps.xcdatamodeld in Sources */ = {isa = PBXBuildFile; fileRef = C93B84C8222B31C700921EEC /* Maps.xcdatamodeld */; };
		C93B84CC222B31C700921EEC /* Assets.xcassets in Resources */ = {isa = PBXBuildFile; fileRef = C93B84CB222B31C700921EEC /* Assets.xcassets */; };
		C93B84CF222B31C700921EEC /* LaunchScreen.storyboard in Resources */ = {isa = PBXBuildFile; fileRef = C93B84CD222B31C700921EEC /* LaunchScreen.storyboard */; };
		C93B84D8222B31DB00921EEC /* MapKit.framework in Frameworks */ = {isa = PBXBuildFile; fileRef = C93B84D7222B31DB00921EEC /* MapKit.framework */; };
		C97F182B222CFAF70095C2BD /* PinLocation.swift in Sources */ = {isa = PBXBuildFile; fileRef = C97F182A222CFAF70095C2BD /* PinLocation.swift */; };
/* End PBXBuildFile section */

/* Begin PBXFileReference section */
		C93B84BE222B31C700921EEC /* Maps.app */ = {isa = PBXFileReference; explicitFileType = wrapper.application; includeInIndex = 0; path = Maps.app; sourceTree = BUILT_PRODUCTS_DIR; };
		C93B84C1222B31C700921EEC /* AppDelegate.swift */ = {isa = PBXFileReference; lastKnownFileType = sourcecode.swift; path = AppDelegate.swift; sourceTree = "<group>"; };
		C93B84C3222B31C700921EEC /* ViewController.swift */ = {isa = PBXFileReference; lastKnownFileType = sourcecode.swift; path = ViewController.swift; sourceTree = "<group>"; };
		C93B84C6222B31C700921EEC /* Base */ = {isa = PBXFileReference; lastKnownFileType = file.storyboard; name = Base; path = Base.lproj/Main.storyboard; sourceTree = "<group>"; };
		C93B84C9222B31C700921EEC /* Maps.xcdatamodel */ = {isa = PBXFileReference; lastKnownFileType = wrapper.xcdatamodel; path = Maps.xcdatamodel; sourceTree = "<group>"; };
		C93B84CB222B31C700921EEC /* Assets.xcassets */ = {isa = PBXFileReference; lastKnownFileType = folder.assetcatalog; path = Assets.xcassets; sourceTree = "<group>"; };
		C93B84CE222B31C700921EEC /* Base */ = {isa = PBXFileReference; lastKnownFileType = file.storyboard; name = Base; path = Base.lproj/LaunchScreen.storyboard; sourceTree = "<group>"; };
		C93B84D0222B31C700921EEC /* Info.plist */ = {isa = PBXFileReference; lastKnownFileType = text.plist.xml; path = Info.plist; sourceTree = "<group>"; };
		C93B84D7222B31DB00921EEC /* MapKit.framework */ = {isa = PBXFileReference; lastKnownFileType = wrapper.framework; name = MapKit.framework; path = System/Library/Frameworks/MapKit.framework; sourceTree = SDKROOT; };
		C97F182A222CFAF70095C2BD /* PinLocation.swift */ = {isa = PBXFileReference; lastKnownFileType = sourcecode.swift; path = PinLocation.swift; sourceTree = "<group>"; };
/* End PBXFileReference section */

/* Begin PBXFrameworksBuildPhase section */
		C93B84BB222B31C700921EEC /* Frameworks */ = {
			isa = PBXFrameworksBuildPhase;
			buildActionMask = 2147483647;
			files = (
				C93B84D8222B31DB00921EEC /* MapKit.framework in Frameworks */,
			);
			runOnlyForDeploymentPostprocessing = 0;
		};
/* End PBXFrameworksBuildPhase section */

/* Begin PBXGroup section */
		C93B84B5222B31C600921EEC = {
			isa = PBXGroup;
			children = (
				C93B84C0222B31C700921EEC /* Maps */,
				C93B84BF222B31C700921EEC /* Products */,
				C93B84D6222B31DB00921EEC /* Frameworks */,
			);
			sourceTree = "<group>";
		};
		C93B84BF222B31C700921EEC /* Products */ = {
			isa = PBXGroup;
			children = (
				C93B84BE222B31C700921EEC /* Maps.app */,
			);
			name = Products;
			sourceTree = "<group>";
		};
		C93B84C0222B31C700921EEC /* Maps */ = {
			isa = PBXGroup;
			children = (
				C93B84C1222B31C700921EEC /* AppDelegate.swift */,
				C93B84C3222B31C700921EEC /* ViewController.swift */,
				C93B84C5222B31C700921EEC /* Main.storyboard */,
				C93B84CB222B31C700921EEC /* Assets.xcassets */,
				C93B84CD222B31C700921EEC /* LaunchScreen.storyboard */,
				C93B84D0222B31C700921EEC /* Info.plist */,
				C93B84C8222B31C700921EEC /* Maps.xcdatamodeld */,
				C97F182A222CFAF70095C2BD /* PinLocation.swift */,
			);
			path = Maps;
			sourceTree = "<group>";
		};
		C93B84D6222B31DB00921EEC /* Frameworks */ = {
			isa = PBXGroup;
			children = (
				C93B84D7222B31DB00921EEC /* MapKit.framework */,
			);
			name = Frameworks;
			sourceTree = "<group>";
		};
/* End PBXGroup section */

/* Begin PBXNativeTarget section */
		C93B84BD222B31C700921EEC /* Maps */ = {
			isa = PBXNativeTarget;
			buildConfigurationList = C93B84D3222B31C700921EEC /* Build configuration list for PBXNativeTarget "Maps" */;
			buildPhases = (
				C93B84BA222B31C700921EEC /* Sources */,
				C93B84BB222B31C700921EEC /* Frameworks */,
				C93B84BC222B31C700921EEC /* Resources */,
			);
			buildRules = (
			);
			dependencies = (
			);
			name = Maps;
			productName = Maps;
			productReference = C93B84BE222B31C700921EEC /* Maps.app */;
			productType = "com.apple.product-type.application";
		};
/* End PBXNativeTarget section */

/* Begin PBXProject section */
		C93B84B6222B31C600921EEC /* Project object */ = {
			isa = PBXProject;
			attributes = {
				LastSwiftUpdateCheck = 1010;
				LastUpgradeCheck = 1010;
				ORGANIZATIONNAME = "Brianne Trollo";
				TargetAttributes = {
					C93B84BD222B31C700921EEC = {
						CreatedOnToolsVersion = 10.1;
						SystemCapabilities = {
							com.apple.Maps.iOS = {
								enabled = 1;
							};
						};
					};
				};
			};
			buildConfigurationList = C93B84B9222B31C600921EEC /* Build configuration list for PBXProject "Maps" */;
			compatibilityVersion = "Xcode 9.3";
			developmentRegion = en;
			hasScannedForEncodings = 0;
			knownRegions = (
				en,
				Base,
			);
			mainGroup = C93B84B5222B31C600921EEC;
			productRefGroup = C93B84BF222B31C700921EEC /* Products */;
			projectDirPath = "";
			projectRoot = "";
			targets = (
				C93B84BD222B31C700921EEC /* Maps */,
			);
		};
/* End PBXProject section */

/* Begin PBXResourcesBuildPhase section */
		C93B84BC222B31C700921EEC /* Resources */ = {
			isa = PBXResourcesBuildPhase;
			buildActionMask = 2147483647;
			files = (
				C93B84CF222B31C700921EEC /* LaunchScreen.storyboard in Resources */,
				C93B84CC222B31C700921EEC /* Assets.xcassets in Resources */,
				C93B84C7222B31C700921EEC /* Main.storyboard in Resources */,
			);
			runOnlyForDeploymentPostprocessing = 0;
		};
/* End PBXResourcesBuildPhase section */

/* Begin PBXSourcesBuildPhase section */
		C93B84BA222B31C700921EEC /* Sources */ = {
			isa = PBXSourcesBuildPhase;
			buildActionMask = 2147483647;
			files = (
				C97F182B222CFAF70095C2BD /* PinLocation.swift in Sources */,
				C93B84CA222B31C700921EEC /* Maps.xcdatamodeld in Sources */,
				C93B84C4222B31C700921EEC /* ViewController.swift in Sources */,
				C93B84C2222B31C700921EEC /* AppDelegate.swift in Sources */,
			);
			runOnlyForDeploymentPostprocessing = 0;
		};
/* End PBXSourcesBuildPhase section */

/* Begin PBXVariantGroup section */
		C93B84C5222B31C700921EEC /* Main.storyboard */ = {
			isa = PBXVariantGroup;
			children = (
				C93B84C6222B31C700921EEC /* Base */,
			);
			name = Main.storyboard;
			sourceTree = "<group>";
		};
		C93B84CD222B31C700921EEC /* LaunchScreen.storyboard */ = {
			isa = PBXVariantGroup;
			children = (
				C93B84CE222B31C700921EEC /* Base */,
			);
			name = LaunchScreen.storyboard;
			sourceTree = "<group>";
		};
/* End PBXVariantGroup section */

/* Begin XCBuildConfiguration section */
		C93B84D1222B31C700921EEC /* Debug */ = {
			isa = XCBuildConfiguration;
			buildSettings = {
				ALWAYS_SEARCH_USER_PATHS = NO;
				CLANG_ANALYZER_NONNULL = YES;
				CLANG_ANALYZER_NUMBER_OBJECT_CONVERSION = YES_AGGRESSIVE;
				CLANG_CXX_LANGUAGE_STANDARD = "gnu++14";
				CLANG_CXX_LIBRARY = "libc++";
				CLANG_ENABLE_MODULES = YES;
				CLANG_ENABLE_OBJC_ARC = YES;
				CLANG_ENABLE_OBJC_WEAK = YES;
				CLANG_WARN_BLOCK_CAPTURE_AUTORELEASING = YES;
				CLANG_WARN_BOOL_CONVERSION = YES;
				CLANG_WARN_COMMA = YES;
				CLANG_WARN_CONSTANT_CONVERSION = YES;
				CLANG_WARN_DEPRECATED_OBJC_IMPLEMENTATIONS = YES;
				CLANG_WARN_DIRECT_OBJC_ISA_USAGE = YES_ERROR;
				CLANG_WARN_DOCUMENTATION_COMMENTS = YES;
				CLANG_WARN_EMPTY_BODY = YES;
				CLANG_WARN_ENUM_CONVERSION = YES;
				CLANG_WARN_INFINITE_RECURSION = YES;
				CLANG_WARN_INT_CONVERSION = YES;
				CLANG_WARN_NON_LITERAL_NULL_CONVERSION = YES;
				CLANG_WARN_OBJC_IMPLICIT_RETAIN_SELF = YES;
				CLANG_WARN_OBJC_LITERAL_CONVERSION = YES;
				CLANG_WARN_OBJC_ROOT_CLASS = YES_ERROR;
				CLANG_WARN_RANGE_LOOP_ANALYSIS = YES;
				CLANG_WARN_STRICT_PROTOTYPES = YES;
				CLANG_WARN_SUSPICIOUS_MOVE = YES;
				CLANG_WARN_UNGUARDED_AVAILABILITY = YES_AGGRESSIVE;
				CLANG_WARN_UNREACHABLE_CODE = YES;
				CLANG_WARN__DUPLICATE_METHOD_MATCH = YES;
				CODE_SIGN_IDENTITY = "iPhone Developer";
				COPY_PHASE_STRIP = NO;
				DEBUG_INFORMATION_FORMAT = dwarf;
				ENABLE_STRICT_OBJC_MSGSEND = YES;
				ENABLE_TESTABILITY = YES;
				GCC_C_LANGUAGE_STANDARD = gnu11;
				GCC_DYNAMIC_NO_PIC = NO;
				GCC_NO_COMMON_BLOCKS = YES;
				GCC_OPTIMIZATION_LEVEL = 0;
				GCC_PREPROCESSOR_DEFINITIONS = (
					"DEBUG=1",
					"$(inherited)",
				);
				GCC_WARN_64_TO_32_BIT_CONVERSION = YES;
				GCC_WARN_ABOUT_RETURN_TYPE = YES_ERROR;
				GCC_WARN_UNDECLARED_SELECTOR = YES;
				GCC_WARN_UNINITIALIZED_AUTOS = YES_AGGRESSIVE;
				GCC_WARN_UNUSED_FUNCTION = YES;
				GCC_WARN_UNUSED_VARIABLE = YES;
				IPHONEOS_DEPLOYMENT_TARGET = 12.1;
				MTL_ENABLE_DEBUG_INFO = INCLUDE_SOURCE;
				MTL_FAST_MATH = YES;
				ONLY_ACTIVE_ARCH = YES;
				SDKROOT = iphoneos;
				SWIFT_ACTIVE_COMPILATION_CONDITIONS = DEBUG;
				SWIFT_OPTIMIZATION_LEVEL = "-Onone";
			};
			name = Debug;
		};
		C93B84D2222B31C700921EEC /* Release */ = {
			isa = XCBuildConfiguration;
			buildSettings = {
				ALWAYS_SEARCH_USER_PATHS = NO;
				CLANG_ANALYZER_NONNULL = YES;
				CLANG_ANALYZER_NUMBER_OBJECT_CONVERSION = YES_AGGRESSIVE;
				CLANG_CXX_LANGUAGE_STANDARD = "gnu++14";
				CLANG_CXX_LIBRARY = "libc++";
				CLANG_ENABLE_MODULES = YES;
				CLANG_ENABLE_OBJC_ARC = YES;
				CLANG_ENABLE_OBJC_WEAK = YES;
				CLANG_WARN_BLOCK_CAPTURE_AUTORELEASING = YES;
				CLANG_WARN_BOOL_CONVERSION = YES;
				CLANG_WARN_COMMA = YES;
				CLANG_WARN_CONSTANT_CONVERSION = YES;
				CLANG_WARN_DEPRECATED_OBJC_IMPLEMENTATIONS = YES;
				CLANG_WARN_DIRECT_OBJC_ISA_USAGE = YES_ERROR;
				CLANG_WARN_DOCUMENTATION_COMMENTS = YES;
				CLANG_WARN_EMPTY_BODY = YES;
				CLANG_WARN_ENUM_CONVERSION = YES;
				CLANG_WARN_INFINITE_RECURSION = YES;
				CLANG_WARN_INT_CONVERSION = YES;
				CLANG_WARN_NON_LITERAL_NULL_CONVERSION = YES;
				CLANG_WARN_OBJC_IMPLICIT_RETAIN_SELF = YES;
				CLANG_WARN_OBJC_LITERAL_CONVERSION = YES;
				CLANG_WARN_OBJC_ROOT_CLASS = YES_ERROR;
				CLANG_WARN_RANGE_LOOP_ANALYSIS = YES;
				CLANG_WARN_STRICT_PROTOTYPES = YES;
				CLANG_WARN_SUSPICIOUS_MOVE = YES;
				CLANG_WARN_UNGUARDED_AVAILABILITY = YES_AGGRESSIVE;
				CLANG_WARN_UNREACHABLE_CODE = YES;
				CLANG_WARN__DUPLICATE_METHOD_MATCH = YES;
				CODE_SIGN_IDENTITY = "iPhone Developer";
				COPY_PHASE_STRIP = NO;
				DEBUG_INFORMATION_FORMAT = "dwarf-with-dsym";
				ENABLE_NS_ASSERTIONS = NO;
				ENABLE_STRICT_OBJC_MSGSEND = YES;
				GCC_C_LANGUAGE_STANDARD = gnu11;
				GCC_NO_COMMON_BLOCKS = YES;
				GCC_WARN_64_TO_32_BIT_CONVERSION = YES;
				GCC_WARN_ABOUT_RETURN_TYPE = YES_ERROR;
				GCC_WARN_UNDECLARED_SELECTOR = YES;
				GCC_WARN_UNINITIALIZED_AUTOS = YES_AGGRESSIVE;
				GCC_WARN_UNUSED_FUNCTION = YES;
				GCC_WARN_UNUSED_VARIABLE = YES;
				IPHONEOS_DEPLOYMENT_TARGET = 12.1;
				MTL_ENABLE_DEBUG_INFO = NO;
				MTL_FAST_MATH = YES;
				SDKROOT = iphoneos;
				SWIFT_COMPILATION_MODE = wholemodule;
				SWIFT_OPTIMIZATION_LEVEL = "-O";
				VALIDATE_PRODUCT = YES;
			};
			name = Release;
		};
		C93B84D4222B31C700921EEC /* Debug */ = {
			isa = XCBuildConfiguration;
			buildSettings = {
				ASSETCATALOG_COMPILER_APPICON_NAME = AppIcon;
				CODE_SIGN_STYLE = Automatic;
				INFOPLIST_FILE = Maps/Info.plist;
				LD_RUNPATH_SEARCH_PATHS = (
					"$(inherited)",
					"@executable_path/Frameworks",
				);
				PRODUCT_BUNDLE_IDENTIFIER = bt.Maps;
				PRODUCT_NAME = "$(TARGET_NAME)";
				SWIFT_VERSION = 4.2;
				TARGETED_DEVICE_FAMILY = "1,2";
			};
			name = Debug;
		};
		C93B84D5222B31C700921EEC /* Release */ = {
			isa = XCBuildConfiguration;
			buildSettings = {
				ASSETCATALOG_COMPILER_APPICON_NAME = AppIcon;
				CODE_SIGN_STYLE = Automatic;
				INFOPLIST_FILE = Maps/Info.plist;
				LD_RUNPATH_SEARCH_PATHS = (
					"$(inherited)",
					"@executable_path/Frameworks",
				);
				PRODUCT_BUNDLE_IDENTIFIER = bt.Maps;
				PRODUCT_NAME = "$(TARGET_NAME)";
				SWIFT_VERSION = 4.2;
				TARGETED_DEVICE_FAMILY = "1,2";
			};
			name = Release;
		};
/* End XCBuildConfiguration section */

/* Begin XCConfigurationList section */
		C93B84B9222B31C600921EEC /* Build configuration list for PBXProject "Maps" */ = {
			isa = XCConfigurationList;
			buildConfigurations = (
				C93B84D1222B31C700921EEC /* Debug */,
				C93B84D2222B31C700921EEC /* Release */,
			);
			defaultConfigurationIsVisible = 0;
			defaultConfigurationName = Release;
		};
		C93B84D3222B31C700921EEC /* Build configuration list for PBXNativeTarget "Maps" */ = {
			isa = XCConfigurationList;
			buildConfigurations = (
				C93B84D4222B31C700921EEC /* Debug */,
				C93B84D5222B31C700921EEC /* Release */,
			);
			defaultConfigurationIsVisible = 0;
			defaultConfigurationName = Release;
		};
/* End XCConfigurationList section */

/* Begin XCVersionGroup section */
		C93B84C8222B31C700921EEC /* Maps.xcdatamodeld */ = {
			isa = XCVersionGroup;
			children = (
				C93B84C9222B31C700921EEC /* Maps.xcdatamodel */,
			);
			currentVersion = C93B84C9222B31C700921EEC /* Maps.xcdatamodel */;
			path = Maps.xcdatamodeld;
			sourceTree = "<group>";
			versionGroupType = wrapper.xcdatamodel;
		};
/* End XCVersionGroup section */
	};
	rootObject = C93B84B6222B31C600921EEC /* Project object */;
}
